
Microsoft Visual Studio Solution File, Format Version 12.00
# Visual Studio Version 16
VisualStudioVersion = 16.0.31205.134
MinimumVisualStudioVersion = 10.0.40219.1
Project("{FAE04EC0-301F-11D3-BF4B-00C04F79EFBC}") = "ensyu0513", "ensyu0513\ensyu0513.csproj", "{8033F7CA-3A80-4A3D-BC71-DDC0EB085EF6}"
EndProject
Global
	GlobalSection(SolutionConfigurationPlatforms) = preSolution
		Debug|Any CPU = Debug|Any CPU
		Release|Any CPU = Release|Any CPU
	EndGlobalSection
	GlobalSection(ProjectConfigurationPlatforms) = postSolution
		{8033F7CA-3A80-4A3D-BC71-DDC0EB085EF6}.Debug|Any CPU.ActiveCfg = Debug|Any CPU
		{8033F7CA-3A80-4A3D-BC71-DDC0EB085EF6}.Debug|Any CPU.Build.0 = Debug|Any CPU
		{8033F7CA-3A80-4A3D-BC71-DDC0EB085EF6}.Release|Any CPU.ActiveCfg = Release|Any CPU
		{8033F7CA-3A80-4A3D-BC71-DDC0EB085EF6}.Release|Any CPU.Build.0 = Release|Any CPU
	EndGlobalSection
	GlobalSection(SolutionProperties) = preSolution
		HideSolutionNode = FALSE
	EndGlobalSection
	GlobalSection(ExtensibilityGlobals) = postSolution
		SolutionGuid = {6C43FA59-E1A0-40D4-BDA3-EB7407ED1575}
	EndGlobalSection
EndGlobal
